
Microsoft Visual Studio Solution File, Format Version 12.00
# Visual Studio 2013
VisualStudioVersion = 12.0.40629.0
MinimumVisualStudioVersion = 10.0.40219.1
Project("{FAE04EC0-301F-11D3-BF4B-00C04F79EFBC}") = "VisitorPattern", "DesignPatterns\VisitorPattern.csproj", "{F1882BEF-DD53-42CA-A6F0-9FFBE1790C02}"
EndProject
Project("{FAE04EC0-301F-11D3-BF4B-00C04F79EFBC}") = "TemplateMethod", "TemplateMethod\TemplateMethod.csproj", "{91B5C03D-1E33-4685-8BBA-361D5F01C797}"
EndProject
Project("{2150E333-8FDC-42A3-9474-1A3956D46DE8}") = "Behavioural", "Behavioural", "{61ADE62F-C442-4208-B14F-9800B9CBB62E}"
EndProject
Project("{FAE04EC0-301F-11D3-BF4B-00C04F79EFBC}") = "Strategy", "Strategy\Strategy.csproj", "{0FEB2B15-6CE3-4830-896D-A9D3D42F2A36}"
EndProject
Project("{FAE04EC0-301F-11D3-BF4B-00C04F79EFBC}") = "State", "State\State.csproj", "{D71B022D-5A1D-4291-9A1D-4316444CBC51}"
EndProject
Project("{FAE04EC0-301F-11D3-BF4B-00C04F79EFBC}") = "Observer", "Observer\Observer.csproj", "{EDDB1054-62DD-4385-ADBE-B170B339CDEE}"
EndProject
Project("{FAE04EC0-301F-11D3-BF4B-00C04F79EFBC}") = "Memento", "Memento\Memento.csproj", "{740B6271-748F-44B9-828C-96813F1F5258}"
EndProject
Project("{FAE04EC0-301F-11D3-BF4B-00C04F79EFBC}") = "Mediator", "Mediator\Mediator.csproj", "{2BB5B415-7FB4-47B4-932D-1D754A212A9B}"
EndProject
Project("{FAE04EC0-301F-11D3-BF4B-00C04F79EFBC}") = "Iterator", "Iterator\Iterator.csproj", "{E3303BF8-509D-47F0-BA5A-6574B3DE2A08}"
EndProject
Global
	GlobalSection(SolutionConfigurationPlatforms) = preSolution
		Debug|Any CPU = Debug|Any CPU
		Release|Any CPU = Release|Any CPU
	EndGlobalSection
	GlobalSection(ProjectConfigurationPlatforms) = postSolution
		{F1882BEF-DD53-42CA-A6F0-9FFBE1790C02}.Debug|Any CPU.ActiveCfg = Debug|Any CPU
		{F1882BEF-DD53-42CA-A6F0-9FFBE1790C02}.Debug|Any CPU.Build.0 = Debug|Any CPU
		{F1882BEF-DD53-42CA-A6F0-9FFBE1790C02}.Release|Any CPU.ActiveCfg = Release|Any CPU
		{F1882BEF-DD53-42CA-A6F0-9FFBE1790C02}.Release|Any CPU.Build.0 = Release|Any CPU
		{91B5C03D-1E33-4685-8BBA-361D5F01C797}.Debug|Any CPU.ActiveCfg = Debug|Any CPU
		{91B5C03D-1E33-4685-8BBA-361D5F01C797}.Debug|Any CPU.Build.0 = Debug|Any CPU
		{91B5C03D-1E33-4685-8BBA-361D5F01C797}.Release|Any CPU.ActiveCfg = Release|Any CPU
		{91B5C03D-1E33-4685-8BBA-361D5F01C797}.Release|Any CPU.Build.0 = Release|Any CPU
		{0FEB2B15-6CE3-4830-896D-A9D3D42F2A36}.Debug|Any CPU.ActiveCfg = Debug|Any CPU
		{0FEB2B15-6CE3-4830-896D-A9D3D42F2A36}.Debug|Any CPU.Build.0 = Debug|Any CPU
		{0FEB2B15-6CE3-4830-896D-A9D3D42F2A36}.Release|Any CPU.ActiveCfg = Release|Any CPU
		{0FEB2B15-6CE3-4830-896D-A9D3D42F2A36}.Release|Any CPU.Build.0 = Release|Any CPU
		{D71B022D-5A1D-4291-9A1D-4316444CBC51}.Debug|Any CPU.ActiveCfg = Debug|Any CPU
		{D71B022D-5A1D-4291-9A1D-4316444CBC51}.Debug|Any CPU.Build.0 = Debug|Any CPU
		{D71B022D-5A1D-4291-9A1D-4316444CBC51}.Release|Any CPU.ActiveCfg = Release|Any CPU
		{D71B022D-5A1D-4291-9A1D-4316444CBC51}.Release|Any CPU.Build.0 = Release|Any CPU
		{EDDB1054-62DD-4385-ADBE-B170B339CDEE}.Debug|Any CPU.ActiveCfg = Debug|Any CPU
		{EDDB1054-62DD-4385-ADBE-B170B339CDEE}.Debug|Any CPU.Build.0 = Debug|Any CPU
		{EDDB1054-62DD-4385-ADBE-B170B339CDEE}.Release|Any CPU.ActiveCfg = Release|Any CPU
		{EDDB1054-62DD-4385-ADBE-B170B339CDEE}.Release|Any CPU.Build.0 = Release|Any CPU
		{740B6271-748F-44B9-828C-96813F1F5258}.Debug|Any CPU.ActiveCfg = Debug|Any CPU
		{740B6271-748F-44B9-828C-96813F1F5258}.Debug|Any CPU.Build.0 = Debug|Any CPU
		{740B6271-748F-44B9-828C-96813F1F5258}.Release|Any CPU.ActiveCfg = Release|Any CPU
		{740B6271-748F-44B9-828C-96813F1F5258}.Release|Any CPU.Build.0 = Release|Any CPU
		{2BB5B415-7FB4-47B4-932D-1D754A212A9B}.Debug|Any CPU.ActiveCfg = Debug|Any CPU
		{2BB5B415-7FB4-47B4-932D-1D754A212A9B}.Debug|Any CPU.Build.0 = Debug|Any CPU
		{2BB5B415-7FB4-47B4-932D-1D754A212A9B}.Release|Any CPU.ActiveCfg = Release|Any CPU
		{2BB5B415-7FB4-47B4-932D-1D754A212A9B}.Release|Any CPU.Build.0 = Release|Any CPU
		{E3303BF8-509D-47F0-BA5A-6574B3DE2A08}.Debug|Any CPU.ActiveCfg = Debug|Any CPU
		{E3303BF8-509D-47F0-BA5A-6574B3DE2A08}.Debug|Any CPU.Build.0 = Debug|Any CPU
		{E3303BF8-509D-47F0-BA5A-6574B3DE2A08}.Release|Any CPU.ActiveCfg = Release|Any CPU
		{E3303BF8-509D-47F0-BA5A-6574B3DE2A08}.Release|Any CPU.Build.0 = Release|Any CPU
	EndGlobalSection
	GlobalSection(SolutionProperties) = preSolution
		HideSolutionNode = FALSE
	EndGlobalSection
	GlobalSection(NestedProjects) = preSolution
		{F1882BEF-DD53-42CA-A6F0-9FFBE1790C02} = {61ADE62F-C442-4208-B14F-9800B9CBB62E}
		{91B5C03D-1E33-4685-8BBA-361D5F01C797} = {61ADE62F-C442-4208-B14F-9800B9CBB62E}
		{0FEB2B15-6CE3-4830-896D-A9D3D42F2A36} = {61ADE62F-C442-4208-B14F-9800B9CBB62E}
		{D71B022D-5A1D-4291-9A1D-4316444CBC51} = {61ADE62F-C442-4208-B14F-9800B9CBB62E}
		{EDDB1054-62DD-4385-ADBE-B170B339CDEE} = {61ADE62F-C442-4208-B14F-9800B9CBB62E}
		{740B6271-748F-44B9-828C-96813F1F5258} = {61ADE62F-C442-4208-B14F-9800B9CBB62E}
		{2BB5B415-7FB4-47B4-932D-1D754A212A9B} = {61ADE62F-C442-4208-B14F-9800B9CBB62E}
		{E3303BF8-509D-47F0-BA5A-6574B3DE2A08} = {61ADE62F-C442-4208-B14F-9800B9CBB62E}
	EndGlobalSection
EndGlobal
